
Microsoft Visual Studio Solution File, Format Version 12.00
# Visual Studio Version 17
VisualStudioVersion = 17.11.35327.3
MinimumVisualStudioVersion = 10.0.40219.1
Project("{FAE04EC0-301F-11D3-BF4B-00C04F79EFBC}") = "zadacha3", "zadacha3\zadacha3.csproj", "{415E8F92-6CD2-42C6-860A-EFEDB8511FF1}"
EndProject
Global
	GlobalSection(SolutionConfigurationPlatforms) = preSolution
		Debug|Any CPU = Debug|Any CPU
		Release|Any CPU = Release|Any CPU
	EndGlobalSection
	GlobalSection(ProjectConfigurationPlatforms) = postSolution
		{415E8F92-6CD2-42C6-860A-EFEDB8511FF1}.Debug|Any CPU.ActiveCfg = Debug|Any CPU
		{415E8F92-6CD2-42C6-860A-EFEDB8511FF1}.Debug|Any CPU.Build.0 = Debug|Any CPU
		{415E8F92-6CD2-42C6-860A-EFEDB8511FF1}.Release|Any CPU.ActiveCfg = Release|Any CPU
		{415E8F92-6CD2-42C6-860A-EFEDB8511FF1}.Release|Any CPU.Build.0 = Release|Any CPU
	EndGlobalSection
	GlobalSection(SolutionProperties) = preSolution
		HideSolutionNode = FALSE
	EndGlobalSection
	GlobalSection(ExtensibilityGlobals) = postSolution
		SolutionGuid = {02D0D012-B16B-4483-A7DA-C0AFCC24B8CD}
	EndGlobalSection
EndGlobal
